
Microsoft Visual Studio Solution File, Format Version 12.00
# Visual Studio Version 17
VisualStudioVersion = 17.14.36221.1
MinimumVisualStudioVersion = 10.0.40219.1
Project("{FAE04EC0-301F-11D3-BF4B-00C04F79EFBC}") = "Welcome", "Welcome\Welcome.csproj", "{3D855908-4092-4B98-8A18-D8050D1E6304}"
EndProject
Project("{FAE04EC0-301F-11D3-BF4B-00C04F79EFBC}") = "WelcomeExtended", "WelcomeExtended\WelcomeExtended.csproj", "{804E31B2-26A9-4C50-BE9F-83F43FB70CF7}"
EndProject
Global
	GlobalSection(SolutionConfigurationPlatforms) = preSolution
		Debug|Any CPU = Debug|Any CPU
		Release|Any CPU = Release|Any CPU
	EndGlobalSection
	GlobalSection(ProjectConfigurationPlatforms) = postSolution
		{3D855908-4092-4B98-8A18-D8050D1E6304}.Debug|Any CPU.ActiveCfg = Debug|Any CPU
		{3D855908-4092-4B98-8A18-D8050D1E6304}.Debug|Any CPU.Build.0 = Debug|Any CPU
		{3D855908-4092-4B98-8A18-D8050D1E6304}.Release|Any CPU.ActiveCfg = Release|Any CPU
		{3D855908-4092-4B98-8A18-D8050D1E6304}.Release|Any CPU.Build.0 = Release|Any CPU
		{804E31B2-26A9-4C50-BE9F-83F43FB70CF7}.Debug|Any CPU.ActiveCfg = Debug|Any CPU
		{804E31B2-26A9-4C50-BE9F-83F43FB70CF7}.Debug|Any CPU.Build.0 = Debug|Any CPU
		{804E31B2-26A9-4C50-BE9F-83F43FB70CF7}.Release|Any CPU.ActiveCfg = Release|Any CPU
		{804E31B2-26A9-4C50-BE9F-83F43FB70CF7}.Release|Any CPU.Build.0 = Release|Any CPU
	EndGlobalSection
	GlobalSection(SolutionProperties) = preSolution
		HideSolutionNode = FALSE
	EndGlobalSection
	GlobalSection(ExtensibilityGlobals) = postSolution
		SolutionGuid = {C6F10A35-A37F-4CC5-9D6A-C5F969669E52}
	EndGlobalSection
EndGlobal
